
Microsoft Visual Studio Solution File, Format Version 12.00
# Visual Studio Version 16
VisualStudioVersion = 16.0.30711.63
MinimumVisualStudioVersion = 10.0.40219.1
Project("{FAE04EC0-301F-11D3-BF4B-00C04F79EFBC}") = "ONIX", "ONIX\ONIX.csproj", "{CAF9A749-BB37-4AEB-A25E-78A92D736FBF}"
EndProject
Project("{54435603-DBB4-11D2-8724-00A0C9A8B90C}") = "Setup", "Setup\Setup.vdproj", "{688BC6B1-35DB-4870-8387-5AB9BF49BFAB}"
EndProject
Global
	GlobalSection(SolutionConfigurationPlatforms) = preSolution
		Debug|Any CPU = Debug|Any CPU
		Release|Any CPU = Release|Any CPU
	EndGlobalSection
	GlobalSection(ProjectConfigurationPlatforms) = postSolution
		{CAF9A749-BB37-4AEB-A25E-78A92D736FBF}.Debug|Any CPU.ActiveCfg = Debug|Any CPU
		{CAF9A749-BB37-4AEB-A25E-78A92D736FBF}.Debug|Any CPU.Build.0 = Debug|Any CPU
		{CAF9A749-BB37-4AEB-A25E-78A92D736FBF}.Release|Any CPU.ActiveCfg = Release|Any CPU
		{CAF9A749-BB37-4AEB-A25E-78A92D736FBF}.Release|Any CPU.Build.0 = Release|Any CPU
		{688BC6B1-35DB-4870-8387-5AB9BF49BFAB}.Debug|Any CPU.ActiveCfg = Debug
		{688BC6B1-35DB-4870-8387-5AB9BF49BFAB}.Release|Any CPU.ActiveCfg = Release
	EndGlobalSection
	GlobalSection(SolutionProperties) = preSolution
		HideSolutionNode = FALSE
	EndGlobalSection
	GlobalSection(ExtensibilityGlobals) = postSolution
		SolutionGuid = {D3BB0CB0-E643-49C1-901B-CE01782E0A6D}
	EndGlobalSection
EndGlobal
